# This file is autogenerated, do not edit; changes may be undone by the next 'dep ensure'.


[[projects]]
  branch = "master"
  name = "github.com/gopherjs/gopherjs"
  packages = ["js"]
  revision = "0210a2f0f73c96103378b0b935f39868e5731809"

[[projects]]
  name = "github.com/gopherjs/gopherwasm"
  packages = ["js"]
  revision = "f02b5938d19774383abccdfe0271e1a40651b4ad"
  version = "v0.1.1"

[[projects]]
  name = "github.com/hajimehoshi/go-mp3"
  packages = [
    ".",
    "internal/bits",
    "internal/consts",
    "internal/frame",
    "internal/frameheader",
    "internal/huffman",
    "internal/imdct",
    "internal/maindata",
    "internal/sideinfo"
  ]
  revision = "90191ee719ddc192865cd96bdc8013ef1ed6dbea"
  version = "v0.1.1"

[[projects]]
  name = "github.com/hajimehoshi/oto"
  packages = ["."]
  revision = "a0c9aa13e3ddd986a1fe5644af2e5ea19931fd1b"
  version = "v0.1.3"

[[projects]]
  branch = "master"
  name = "golang.org/x/exp"
  packages = [
    "shiny/driver/gldriver",
    "shiny/driver/internal/drawer",
    "shiny/driver/internal/errscreen",
    "shiny/driver/internal/event",
    "shiny/driver/internal/lifecycler",
    "shiny/driver/internal/win32",
    "shiny/driver/internal/x11key",
    "shiny/screen"
  ]
  revision = "e88728d35e99800368f4acc0969018db6b0d3dd5"

[[projects]]
  branch = "master"
  name = "golang.org/x/image"
  packages = ["math/f64"]
  revision = "e1a1ede6891c997b81b830dbc6f4d2850b9392a4"

[[projects]]
  branch = "master"
  name = "golang.org/x/mobile"
  packages = [
    "app",
    "app/internal/callfn",
    "event/key",
    "event/lifecycle",
    "event/mouse",
    "event/paint",
    "event/size",
    "event/touch",
    "geom",
    "gl",
    "internal/mobileinit"
  ]
  revision = "f9c332960c2abd60c901f3937bb3564df4252a83"

[[projects]]
  branch = "master"
  name = "golang.org/x/sys"
  packages = ["windows"]
  revision = "d641721ec2dead6fe5ca284096fe4b1fcd49e427"

[solve-meta]
  analyzer-name = "dep"
  analyzer-version = 1
  inputs-digest = "625d4cf08ce151d99c0d386ce4233539fccef1c1222d77de0e0c1249d3ced822"
  solver-name = "gps-cdcl"
  solver-version = 1
